// !$*UTF8*$!
{
	archiveVersion = 1;
	classes = {
	};
	objectVersion = 48;
	objects = {

/* Begin PBXBuildFile section */
		81AFE1221FE3742C005FA2DF /* AppDelegate.swift in Sources */ = {isa = PBXBuildFile; fileRef = 81AFE1211FE3742C005FA2DF /* AppDelegate.swift */; };
		81AFE1241FE3742C005FA2DF /* ViewController.swift in Sources */ = {isa = PBXBuildFile; fileRef = 81AFE1231FE3742C005FA2DF /* ViewController.swift */; };
		81AFE1271FE3742C005FA2DF /* Main.storyboard in Resources */ = {isa = PBXBuildFile; fileRef = 81AFE1251FE3742C005FA2DF /* Main.storyboard */; };
		81AFE12A1FE3742C005FA2DF /* pokemongo.xcdatamodeld in Sources */ = {isa = PBXBuildFile; fileRef = 81AFE1281FE3742C005FA2DF /* pokemongo.xcdatamodeld */; };
		81AFE12C1FE3742C005FA2DF /* Assets.xcassets in Resources */ = {isa = PBXBuildFile; fileRef = 81AFE12B1FE3742C005FA2DF /* Assets.xcassets */; };
		81AFE12F1FE3742C005FA2DF /* LaunchScreen.storyboard in Resources */ = {isa = PBXBuildFile; fileRef = 81AFE12D1FE3742C005FA2DF /* LaunchScreen.storyboard */; };
/* End PBXBuildFile section */

/* Begin PBXFileReference section */
		81AFE11E1FE3742C005FA2DF /* pokemongo.app */ = {isa = PBXFileReference; explicitFileType = wrapper.application; includeInIndex = 0; path = pokemongo.app; sourceTree = BUILT_PRODUCTS_DIR; };
		81AFE1211FE3742C005FA2DF /* AppDelegate.swift */ = {isa = PBXFileReference; lastKnownFileType = sourcecode.swift; path = AppDelegate.swift; sourceTree = "<group>"; };
		81AFE1231FE3742C005FA2DF /* ViewController.swift */ = {isa = PBXFileReference; lastKnownFileType = sourcecode.swift; path = ViewController.swift; sourceTree = "<group>"; };
		81AFE1261FE3742C005FA2DF /* Base */ = {isa = PBXFileReference; lastKnownFileType = file.storyboard; name = Base; path = Base.lproj/Main.storyboard; sourceTree = "<group>"; };
		81AFE1291FE3742C005FA2DF /* pokemongo.xcdatamodel */ = {isa = PBXFileReference; lastKnownFileType = wrapper.xcdatamodel; path = pokemongo.xcdatamodel; sourceTree = "<group>"; };
		81AFE12B1FE3742C005FA2DF /* Assets.xcassets */ = {isa = PBXFileReference; lastKnownFileType = folder.assetcatalog; path = Assets.xcassets; sourceTree = "<group>"; };
		81AFE12E1FE3742C005FA2DF /* Base */ = {isa = PBXFileReference; lastKnownFileType = file.storyboard; name = Base; path = Base.lproj/LaunchScreen.storyboard; sourceTree = "<group>"; };
		81AFE1301FE3742C005FA2DF /* Info.plist */ = {isa = PBXFileReference; lastKnownFileType = text.plist.xml; path = Info.plist; sourceTree = "<group>"; };
/* End PBXFileReference section */

/* Begin PBXFrameworksBuildPhase section */
		81AFE11B1FE3742C005FA2DF /* Frameworks */ = {
			isa = PBXFrameworksBuildPhase;
			buildActionMask = 2147483647;
			files = (
			);
			runOnlyForDeploymentPostprocessing = 0;
		};
/* End PBXFrameworksBuildPhase section */

/* Begin PBXGroup section */
		81AFE1151FE3742C005FA2DF = {
			isa = PBXGroup;
			children = (
				81AFE1201FE3742C005FA2DF /* pokemongo */,
				81AFE11F1FE3742C005FA2DF /* Products */,
			);
			sourceTree = "<group>";
		};
		81AFE11F1FE3742C005FA2DF /* Products */ = {
			isa = PBXGroup;
			children = (
				81AFE11E1FE3742C005FA2DF /* pokemongo.app */,
			);
			name = Products;
			sourceTree = "<group>";
		};
		81AFE1201FE3742C005FA2DF /* pokemongo */ = {
			isa = PBXGroup;
			children = (
				81AFE1211FE3742C005FA2DF /* AppDelegate.swift */,
				81AFE1231FE3742C005FA2DF /* ViewController.swift */,
				81AFE1251FE3742C005FA2DF /* Main.storyboard */,
				81AFE12B1FE3742C005FA2DF /* Assets.xcassets */,
				81AFE12D1FE3742C005FA2DF /* LaunchScreen.storyboard */,
				81AFE1301FE3742C005FA2DF /* Info.plist */,
				81AFE1281FE3742C005FA2DF /* pokemongo.xcdatamodeld */,
			);
			path = pokemongo;
			sourceTree = "<group>";
		};
/* End PBXGroup section */

/* Begin PBXNativeTarget section */
		81AFE11D1FE3742C005FA2DF /* pokemongo */ = {
			isa = PBXNativeTarget;
			buildConfigurationList = 81AFE1331FE3742C005FA2DF /* Build configuration list for PBXNativeTarget "pokemongo" */;
			buildPhases = (
				81AFE11A1FE3742C005FA2DF /* Sources */,
				81AFE11B1FE3742C005FA2DF /* Frameworks */,
				81AFE11C1FE3742C005FA2DF /* Resources */,
			);
			buildRules = (
			);
			dependencies = (
			);
			name = pokemongo;
			productName = pokemongo;
			productReference = 81AFE11E1FE3742C005FA2DF /* pokemongo.app */;
			productType = "com.apple.product-type.application";
		};
/* End PBXNativeTarget section */

/* Begin PBXProject section */
		81AFE1161FE3742C005FA2DF /* Project object */ = {
			isa = PBXProject;
			attributes = {
				LastSwiftUpdateCheck = 0910;
				LastUpgradeCheck = 0910;
				ORGANIZATIONNAME = "Kevin Mudiandambo";
				TargetAttributes = {
					81AFE11D1FE3742C005FA2DF = {
						CreatedOnToolsVersion = 9.1;
						ProvisioningStyle = Automatic;
					};
				};
			};
			buildConfigurationList = 81AFE1191FE3742C005FA2DF /* Build configuration list for PBXProject "pokemongo" */;
			compatibilityVersion = "Xcode 8.0";
			developmentRegion = en;
			hasScannedForEncodings = 0;
			knownRegions = (
				en,
				Base,
			);
			mainGroup = 81AFE1151FE3742C005FA2DF;
			productRefGroup = 81AFE11F1FE3742C005FA2DF /* Products */;
			projectDirPath = "";
			projectRoot = "";
			targets = (
				81AFE11D1FE3742C005FA2DF /* pokemongo */,
			);
		};
/* End PBXProject section */

/* Begin PBXResourcesBuildPhase section */
		81AFE11C1FE3742C005FA2DF /* Resources */ = {
			isa = PBXResourcesBuildPhase;
			buildActionMask = 2147483647;
			files = (
				81AFE12F1FE3742C005FA2DF /* LaunchScreen.storyboard in Resources */,
				81AFE12C1FE3742C005FA2DF /* Assets.xcassets in Resources */,
				81AFE1271FE3742C005FA2DF /* Main.storyboard in Resources */,
			);
			runOnlyForDeploymentPostprocessing = 0;
		};
/* End PBXResourcesBuildPhase section */

/* Begin PBXSourcesBuildPhase section */
		81AFE11A1FE3742C005FA2DF /* Sources */ = {
			isa = PBXSourcesBuildPhase;
			buildActionMask = 2147483647;
			files = (
				81AFE12A1FE3742C005FA2DF /* pokemongo.xcdatamodeld in Sources */,
				81AFE1241FE3742C005FA2DF /* ViewController.swift in Sources */,
				81AFE1221FE3742C005FA2DF /* AppDelegate.swift in Sources */,
			);
			runOnlyForDeploymentPostprocessing = 0;
		};
/* End PBXSourcesBuildPhase section */

/* Begin PBXVariantGroup section */
		81AFE1251FE3742C005FA2DF /* Main.storyboard */ = {
			isa = PBXVariantGroup;
			children = (
				81AFE1261FE3742C005FA2DF /* Base */,
			);
			name = Main.storyboard;
			sourceTree = "<group>";
		};
		81AFE12D1FE3742C005FA2DF /* LaunchScreen.storyboard */ = {
			isa = PBXVariantGroup;
			children = (
				81AFE12E1FE3742C005FA2DF /* Base */,
			);
			name = LaunchScreen.storyboard;
			sourceTree = "<group>";
		};
/* End PBXVariantGroup section */

/* Begin XCBuildConfiguration section */
		81AFE1311FE3742C005FA2DF /* Debug */ = {
			isa = XCBuildConfiguration;
			buildSettings = {
				ALWAYS_SEARCH_USER_PATHS = NO;
				CLANG_ANALYZER_NONNULL = YES;
				CLANG_ANALYZER_NUMBER_OBJECT_CONVERSION = YES_AGGRESSIVE;
				CLANG_CXX_LANGUAGE_STANDARD = "gnu++14";
				CLANG_CXX_LIBRARY = "libc++";
				CLANG_ENABLE_MODULES = YES;
				CLANG_ENABLE_OBJC_ARC = YES;
				CLANG_WARN_BLOCK_CAPTURE_AUTORELEASING = YES;
				CLANG_WARN_BOOL_CONVERSION = YES;
				CLANG_WARN_COMMA = YES;
				CLANG_WARN_CONSTANT_CONVERSION = YES;
				CLANG_WARN_DIRECT_OBJC_ISA_USAGE = YES_ERROR;
				CLANG_WARN_DOCUMENTATION_COMMENTS = YES;
				CLANG_WARN_EMPTY_BODY = YES;
				CLANG_WARN_ENUM_CONVERSION = YES;
				CLANG_WARN_INFINITE_RECURSION = YES;
				CLANG_WARN_INT_CONVERSION = YES;
				CLANG_WARN_NON_LITERAL_NULL_CONVERSION = YES;
				CLANG_WARN_OBJC_LITERAL_CONVERSION = YES;
				CLANG_WARN_OBJC_ROOT_CLASS = YES_ERROR;
				CLANG_WARN_RANGE_LOOP_ANALYSIS = YES;
				CLANG_WARN_STRICT_PROTOTYPES = YES;
				CLANG_WARN_SUSPICIOUS_MOVE = YES;
				CLANG_WARN_UNGUARDED_AVAILABILITY = YES_AGGRESSIVE;
				CLANG_WARN_UNREACHABLE_CODE = YES;
				CLANG_WARN__DUPLICATE_METHOD_MATCH = YES;
				CODE_SIGN_IDENTITY = "iPhone Developer";
				COPY_PHASE_STRIP = NO;
				DEBUG_INFORMATION_FORMAT = dwarf;
				ENABLE_STRICT_OBJC_MSGSEND = YES;
				ENABLE_TESTABILITY = YES;
				GCC_C_LANGUAGE_STANDARD = gnu11;
				GCC_DYNAMIC_NO_PIC = NO;
				GCC_NO_COMMON_BLOCKS = YES;
				GCC_OPTIMIZATION_LEVEL = 0;
				GCC_PREPROCESSOR_DEFINITIONS = (
					"DEBUG=1",
					"$(inherited)",
				);
				GCC_WARN_64_TO_32_BIT_CONVERSION = YES;
				GCC_WARN_ABOUT_RETURN_TYPE = YES_ERROR;
				GCC_WARN_UNDECLARED_SELECTOR = YES;
				GCC_WARN_UNINITIALIZED_AUTOS = YES_AGGRESSIVE;
				GCC_WARN_UNUSED_FUNCTION = YES;
				GCC_WARN_UNUSED_VARIABLE = YES;
				IPHONEOS_DEPLOYMENT_TARGET = 11.1;
				MTL_ENABLE_DEBUG_INFO = YES;
				ONLY_ACTIVE_ARCH = YES;
				SDKROOT = iphoneos;
				SWIFT_ACTIVE_COMPILATION_CONDITIONS = DEBUG;
				SWIFT_OPTIMIZATION_LEVEL = "-Onone";
			};
			name = Debug;
		};
		81AFE1321FE3742C005FA2DF /* Release */ = {
			isa = XCBuildConfiguration;
			buildSettings = {
				ALWAYS_SEARCH_USER_PATHS = NO;
				CLANG_ANALYZER_NONNULL = YES;
				CLANG_ANALYZER_NUMBER_OBJECT_CONVERSION = YES_AGGRESSIVE;
				CLANG_CXX_LANGUAGE_STANDARD = "gnu++14";
				CLANG_CXX_LIBRARY = "libc++";
				CLANG_ENABLE_MODULES = YES;
				CLANG_ENABLE_OBJC_ARC = YES;
				CLANG_WARN_BLOCK_CAPTURE_AUTORELEASING = YES;
				CLANG_WARN_BOOL_CONVERSION = YES;
				CLANG_WARN_COMMA = YES;
				CLANG_WARN_CONSTANT_CONVERSION = YES;
				CLANG_WARN_DIRECT_OBJC_ISA_USAGE = YES_ERROR;
				CLANG_WARN_DOCUMENTATION_COMMENTS = YES;
				CLANG_WARN_EMPTY_BODY = YES;
				CLANG_WARN_ENUM_CONVERSION = YES;
				CLANG_WARN_INFINITE_RECURSION = YES;
				CLANG_WARN_INT_CONVERSION = YES;
				CLANG_WARN_NON_LITERAL_NULL_CONVERSION = YES;
				CLANG_WARN_OBJC_LITERAL_CONVERSION = YES;
				CLANG_WARN_OBJC_ROOT_CLASS = YES_ERROR;
				CLANG_WARN_RANGE_LOOP_ANALYSIS = YES;
				CLANG_WARN_STRICT_PROTOTYPES = YES;
				CLANG_WARN_SUSPICIOUS_MOVE = YES;
				CLANG_WARN_UNGUARDED_AVAILABILITY = YES_AGGRESSIVE;
				CLANG_WARN_UNREACHABLE_CODE = YES;
				CLANG_WARN__DUPLICATE_METHOD_MATCH = YES;
				CODE_SIGN_IDENTITY = "iPhone Developer";
				COPY_PHASE_STRIP = NO;
				DEBUG_INFORMATION_FORMAT = "dwarf-with-dsym";
				ENABLE_NS_ASSERTIONS = NO;
				ENABLE_STRICT_OBJC_MSGSEND = YES;
				GCC_C_LANGUAGE_STANDARD = gnu11;
				GCC_NO_COMMON_BLOCKS = YES;
				GCC_WARN_64_TO_32_BIT_CONVERSION = YES;
				GCC_WARN_ABOUT_RETURN_TYPE = YES_ERROR;
				GCC_WARN_UNDECLARED_SELECTOR = YES;
				GCC_WARN_UNINITIALIZED_AUTOS = YES_AGGRESSIVE;
				GCC_WARN_UNUSED_FUNCTION = YES;
				GCC_WARN_UNUSED_VARIABLE = YES;
				IPHONEOS_DEPLOYMENT_TARGET = 11.1;
				MTL_ENABLE_DEBUG_INFO = NO;
				SDKROOT = iphoneos;
				SWIFT_OPTIMIZATION_LEVEL = "-Owholemodule";
				VALIDATE_PRODUCT = YES;
			};
			name = Release;
		};
		81AFE1341FE3742C005FA2DF /* Debug */ = {
			isa = XCBuildConfiguration;
			buildSettings = {
				ASSETCATALOG_COMPILER_APPICON_NAME = AppIcon;
				CODE_SIGN_STYLE = Automatic;
				DEVELOPMENT_TEAM = PXS299E333;
				INFOPLIST_FILE = pokemongo/Info.plist;
				LD_RUNPATH_SEARCH_PATHS = "$(inherited) @executable_path/Frameworks";
				PRODUCT_BUNDLE_IDENTIFIER = kev.mudy.pokemongo;
				PRODUCT_NAME = "$(TARGET_NAME)";
				SWIFT_VERSION = 4.0;
				TARGETED_DEVICE_FAMILY = "1,2";
			};
			name = Debug;
		};
		81AFE1351FE3742C005FA2DF /* Release */ = {
			isa = XCBuildConfiguration;
			buildSettings = {
				ASSETCATALOG_COMPILER_APPICON_NAME = AppIcon;
				CODE_SIGN_STYLE = Automatic;
				DEVELOPMENT_TEAM = PXS299E333;
				INFOPLIST_FILE = pokemongo/Info.plist;
				LD_RUNPATH_SEARCH_PATHS = "$(inherited) @executable_path/Frameworks";
				PRODUCT_BUNDLE_IDENTIFIER = kev.mudy.pokemongo;
				PRODUCT_NAME = "$(TARGET_NAME)";
				SWIFT_VERSION = 4.0;
				TARGETED_DEVICE_FAMILY = "1,2";
			};
			name = Release;
		};
/* End XCBuildConfiguration section */

/* Begin XCConfigurationList section */
		81AFE1191FE3742C005FA2DF /* Build configuration list for PBXProject "pokemongo" */ = {
			isa = XCConfigurationList;
			buildConfigurations = (
				81AFE1311FE3742C005FA2DF /* Debug */,
				81AFE1321FE3742C005FA2DF /* Release */,
			);
			defaultConfigurationIsVisible = 0;
			defaultConfigurationName = Release;
		};
		81AFE1331FE3742C005FA2DF /* Build configuration list for PBXNativeTarget "pokemongo" */ = {
			isa = XCConfigurationList;
			buildConfigurations = (
				81AFE1341FE3742C005FA2DF /* Debug */,
				81AFE1351FE3742C005FA2DF /* Release */,
			);
			defaultConfigurationIsVisible = 0;
			defaultConfigurationName = Release;
		};
/* End XCConfigurationList section */

/* Begin XCVersionGroup section */
		81AFE1281FE3742C005FA2DF /* pokemongo.xcdatamodeld */ = {
			isa = XCVersionGroup;
			children = (
				81AFE1291FE3742C005FA2DF /* pokemongo.xcdatamodel */,
			);
			currentVersion = 81AFE1291FE3742C005FA2DF /* pokemongo.xcdatamodel */;
			path = pokemongo.xcdatamodeld;
			sourceTree = "<group>";
			versionGroupType = wrapper.xcdatamodel;
		};
/* End XCVersionGroup section */
	};
	rootObject = 81AFE1161FE3742C005FA2DF /* Project object */;
}
